
Microsoft Visual Studio Solution File, Format Version 12.00
# Visual Studio Version 16
VisualStudioVersion = 16.0.31410.357
MinimumVisualStudioVersion = 10.0.40219.1
Project("{FAE04EC0-301F-11D3-BF4B-00C04F79EFBC}") = "dietiary", "dietiary.csproj", "{A5876F3F-BCC9-4D61-BB66-91FD3504A629}"
EndProject
Global
	GlobalSection(SolutionConfigurationPlatforms) = preSolution
		Debug|Any CPU = Debug|Any CPU
		Release|Any CPU = Release|Any CPU
	EndGlobalSection
	GlobalSection(ProjectConfigurationPlatforms) = postSolution
		{A5876F3F-BCC9-4D61-BB66-91FD3504A629}.Debug|Any CPU.ActiveCfg = Debug|Any CPU
		{A5876F3F-BCC9-4D61-BB66-91FD3504A629}.Debug|Any CPU.Build.0 = Debug|Any CPU
		{A5876F3F-BCC9-4D61-BB66-91FD3504A629}.Release|Any CPU.ActiveCfg = Release|Any CPU
		{A5876F3F-BCC9-4D61-BB66-91FD3504A629}.Release|Any CPU.Build.0 = Release|Any CPU
	EndGlobalSection
	GlobalSection(SolutionProperties) = preSolution
		HideSolutionNode = FALSE
	EndGlobalSection
	GlobalSection(ExtensibilityGlobals) = postSolution
		SolutionGuid = {D4534B24-850F-4CFE-A72F-09AF551BBB76}
	EndGlobalSection
EndGlobal
